{
  "name": "fileServer",
  "version": "1.0.0",
  "lockfileVersion": 1,
  "requires": true,
  "dependencies": {
    "@types/ejs": {
      "version": "3.0.4",
      "resolved": "https://registry.npmjs.org/@types/ejs/-/ejs-3.0.4.tgz",
      "integrity": "sha512-ZxnwyBGO4KX/82AsFHTX82eMw0PsoBcIngEat+zx0y+3yxoNDJucAihg9nAcrc+g4Cwiv/4WcWsX4oiy0ySrRQ==",
      "dev": true
    },
    "@types/engine.io": {
      "version": "3.1.4",
      "resolved": "https://registry.npmjs.org/@types/engine.io/-/engine.io-3.1.4.tgz",
      "integrity": "sha512-98rXVukLD6/ozrQ2O80NAlWDGA4INg+tqsEReWJldqyi2fulC9V7Use/n28SWgROXKm6003ycWV4gZHoF8GA6w==",
      "dev": true,
      "requires": {
        "@types/node": "*"
      }
    },
    "@types/node": {
      "version": "14.6.0",
      "resolved": "https://registry.npmjs.org/@types/node/-/node-14.6.0.tgz",
      "integrity": "sha512-mikldZQitV94akrc4sCcSjtJfsTKt4p+e/s0AGscVA6XArQ9kFclP+ZiYUMnq987rc6QlYxXv/EivqlfSLxpKA==",
      "dev": true
    },
    "@types/socket.io": {
      "version": "2.1.11",
      "resolved": "https://registry.npmjs.org/@types/socket.io/-/socket.io-2.1.11.tgz",
      "integrity": "sha512-bVprmqPhJMLb9ZCm8g0Xy8kwBFRbnanOWSxzWkDkkIwxTvud5tKMfAJymXX6LQbizUKCS1yima7JM4BeLqjNqA==",
      "dev": true,
      "requires": {
        "@types/engine.io": "*",
        "@types/node": "*"
      }
    },
    "typescript": {
      "version": "3.9.7",
      "resolved": "https://registry.npmjs.org/typescript/-/typescript-3.9.7.tgz",
      "integrity": "sha512-BLbiRkiBzAwsjut4x/dsibSTB6yWpwT5qWmC2OfuCg3GgVQCSgMs4vEctYPhsaGtd0AeuuHMkjZ2h2WG8MSzRw=="
    }
  }
}
